{
  "name": "fastxpub",
  "version": "1.0.0",
  "lockfileVersion": 1,
  "dependencies": {
    "acorn": {
      "version": "4.0.13",
      "resolved": "https://registry.npmjs.org/acorn/-/acorn-4.0.13.tgz",
      "integrity": "sha1-EFSVrlNh1pe9GVyCUZLhrX8lN4c="
    },
    "array-filter": {
      "version": "0.0.1",
      "resolved": "https://registry.npmjs.org/array-filter/-/array-filter-0.0.1.tgz",
      "integrity": "sha1-fajPLiZijtcygDWB/SH2fKzS7uw="
    },
    "array-map": {
      "version": "0.0.0",
      "resolved": "https://registry.npmjs.org/array-map/-/array-map-0.0.0.tgz",
      "integrity": "sha1-iKK6tz0c97zVwbEYoAP2b2ZfpmI="
    },
    "array-reduce": {
      "version": "0.0.0",
      "resolved": "https://registry.npmjs.org/array-reduce/-/array-reduce-0.0.0.tgz",
      "integrity": "sha1-FziZ0//Rx9k4PkR5Ul2+J4yrXys="
    },
    "asn1.js": {
      "version": "4.9.1",
      "resolved": "https://registry.npmjs.org/asn1.js/-/asn1.js-4.9.1.tgz",
      "integrity": "sha1-SLokC0WpKA6UdImQull9IWYX/UA="
    },
    "assert": {
      "version": "1.4.1",
      "resolved": "https://registry.npmjs.org/assert/-/assert-1.4.1.tgz",
      "integrity": "sha1-mZEtWRg2tab1s0XA8H7vwI/GXZE="
    },
    "astw": {
      "version": "2.2.0",
      "resolved": "https://registry.npmjs.org/astw/-/astw-2.2.0.tgz",
      "integrity": "sha1-e9QXhNMkk5h66yOba04cV6hzuRc="
    },
    "balanced-match": {
      "version": "1.0.0",
      "resolved": "https://registry.npmjs.org/balanced-match/-/balanced-match-1.0.0.tgz",
      "integrity": "sha1-ibTRmasr7kneFk6gK4nORi1xt2c="
    },
    "base-x": {
      "version": "1.1.0",
      "resolved": "https://registry.npmjs.org/base-x/-/base-x-1.1.0.tgz",
      "integrity": "sha1-QtPXF0dPnqAiB/bRqh9CaRPut6w="
    },
    "base64-js": {
      "version": "1.2.1",
      "resolved": "https://registry.npmjs.org/base64-js/-/base64-js-1.2.1.tgz",
      "integrity": "sha512-dwVUVIXsBZXwTuwnXI9RK8sBmgq09NDHzyR9SAph9eqk76gKK2JSQmZARC2zRC81JC2QTtxD0ARU5qTS25gIGw=="
    },
    "bigi": {
      "version": "1.4.2",
      "resolved": "https://registry.npmjs.org/bigi/-/bigi-1.4.2.tgz",
      "integrity": "sha1-nGZalfiLiwj8Bc/XMfVhhZ1yWCU="
    },
    "bip66": {
      "version": "1.1.5",
      "resolved": "https://registry.npmjs.org/bip66/-/bip66-1.1.5.tgz",
      "integrity": "sha1-AfqHSHhcpwlV1QESF9GzE5lpyiI="
    },
    "bitcoinjs-lib": {
      "version": "2.3.0",
      "resolved": "https://registry.npmjs.org/bitcoinjs-lib/-/bitcoinjs-lib-2.3.0.tgz",
      "integrity": "sha1-+k0nuWlkFdWzA1furF0iJxPhlmo="
    },
    "bn.js": {
      "version": "4.11.7",
      "resolved": "https://registry.npmjs.org/bn.js/-/bn.js-4.11.7.tgz",
      "integrity": "sha512-LxFiV5mefv0ley0SzqkOPR1bC4EbpPx8LkOz5vMe/Yi15t5hzwgO/G+tc7wOtL4PZTYjwHu8JnEiSLumuSjSfA=="
    },
    "brace-expansion": {
      "version": "1.1.8",
      "resolved": "https://registry.npmjs.org/brace-expansion/-/brace-expansion-1.1.8.tgz",
      "integrity": "sha1-wHshHHyVLsH479Uad+8NHTmQopI="
    },
    "brorand": {
      "version": "1.1.0",
      "resolved": "https://registry.npmjs.org/brorand/-/brorand-1.1.0.tgz",
      "integrity": "sha1-EsJe/kCkXjwyPrhnWgoM5XsiNx8="
    },
    "browser-pack": {
      "version": "6.0.2",
      "resolved": "https://registry.npmjs.org/browser-pack/-/browser-pack-6.0.2.tgz",
      "integrity": "sha1-+GzWzvT1MAyOY+B6TVEvZfv/RTE="
    },
    "browser-resolve": {
      "version": "1.11.2",
      "resolved": "https://registry.npmjs.org/browser-resolve/-/browser-resolve-1.11.2.tgz",
      "integrity": "sha1-j/CbCixCFxihBRwmCzLkj0QpOM4=",
      "dependencies": {
        "resolve": {
          "version": "1.1.7",
          "resolved": "https://registry.npmjs.org/resolve/-/resolve-1.1.7.tgz",
          "integrity": "sha1-IDEU2CrSxe2ejgQRs5ModeiJ6Xs="
        }
      }
    },
    "browserify": {
      "version": "14.5.0",
      "resolved": "https://registry.npmjs.org/browserify/-/browserify-14.5.0.tgz",
      "integrity": "sha512-gKfOsNQv/toWz+60nSPfYzuwSEdzvV2WdxrVPUbPD/qui44rAkB3t3muNtmmGYHqrG56FGwX9SUEQmzNLAeS7g==",
      "dependencies": {
        "browserify-zlib": {
          "version": "0.2.0",
          "resolved": "https://registry.npmjs.org/browserify-zlib/-/browserify-zlib-0.2.0.tgz",
          "integrity": "sha512-Z942RysHXmJrhqk88FmKBVq/v5tqmSkDz7p54G/MGyjMnCFFnC79XWNbg+Vta8W6Wb2qtSZTSxIGkJrRpCFEiA=="
        },
        "os-browserify": {
          "version": "0.3.0",
          "resolved": "https://registry.npmjs.org/os-browserify/-/os-browserify-0.3.0.tgz",
          "integrity": "sha1-hUNzx/XCMVkU/Jv8a9gjj92h7Cc="
        },
        "pako": {
          "version": "1.0.6",
          "resolved": "https://registry.npmjs.org/pako/-/pako-1.0.6.tgz",
          "integrity": "sha512-lQe48YPsMJAig+yngZ87Lus+NF+3mtu7DVOBu6b/gHO1YpKwIj5AWjZ/TOS7i46HD/UixzWb1zeWDZfGZ3iYcg=="
        }
      }
    },
    "browserify-aes": {
      "version": "1.0.6",
      "resolved": "https://registry.npmjs.org/browserify-aes/-/browserify-aes-1.0.6.tgz",
      "integrity": "sha1-Xncl297x/Vkw1OurSFZ85FHEigo="
    },
    "browserify-cipher": {
      "version": "1.0.0",
      "resolved": "https://registry.npmjs.org/browserify-cipher/-/browserify-cipher-1.0.0.tgz",
      "integrity": "sha1-mYgkSHS/XtTijalWZtzWasj8Njo="
    },
    "browserify-des": {
      "version": "1.0.0",
      "resolved": "https://registry.npmjs.org/browserify-des/-/browserify-des-1.0.0.tgz",
      "integrity": "sha1-2qJ3cXRwki7S/hhZQRihdUOXId0="
    },
    "browserify-rsa": {
      "version": "4.0.1",
      "resolved": "https://registry.npmjs.org/browserify-rsa/-/browserify-rsa-4.0.1.tgz",
      "integrity": "sha1-IeCr+vbyApzy+vsTNWenAdQTVSQ="
    },
    "browserify-sign": {
      "version": "4.0.4",
      "resolved": "https://registry.npmjs.org/browserify-sign/-/browserify-sign-4.0.4.tgz",
      "integrity": "sha1-qk62jl17ZYuqa/alfmMMvXqT0pg="
    },
    "bs58": {
      "version": "3.1.0",
      "resolved": "https://registry.npmjs.org/bs58/-/bs58-3.1.0.tgz",
      "integrity": "sha1-1MJjiL9IBMrHFBQbGUWqR+XrJI4="
    },
    "bs58check": {
      "version": "1.3.4",
      "resolved": "https://registry.npmjs.org/bs58check/-/bs58check-1.3.4.tgz",
      "integrity": "sha1-xSVABzdJEXcU+gQsMEfrj5FRy/g="
    },
    "buffer": {
      "version": "5.0.6",
      "resolved": "https://registry.npmjs.org/buffer/-/buffer-5.0.6.tgz",
      "integrity": "sha1-LqZp9+7Atu2gWwj4tf9mGyhXNYg="
    },
    "buffer-compare": {
      "version": "1.1.1",
      "resolved": "https://registry.npmjs.org/buffer-compare/-/buffer-compare-1.1.1.tgz",
      "integrity": "sha1-W+e+hTr4kZjR9N3AkNHWakiu9ZY="
    },
    "buffer-equals": {
      "version": "1.0.4",
      "resolved": "https://registry.npmjs.org/buffer-equals/-/buffer-equals-1.0.4.tgz",
      "integrity": "sha1-A1O1T9B/2VZBcGca5vZrnPENJ/U="
    },
    "buffer-reverse": {
      "version": "1.0.1",
      "resolved": "https://registry.npmjs.org/buffer-reverse/-/buffer-reverse-1.0.1.tgz",
      "integrity": "sha1-SSg8jvpvkBvAH6MwTQYCeXGuL2A="
    },
    "buffer-xor": {
      "version": "1.0.3",
      "resolved": "https://registry.npmjs.org/buffer-xor/-/buffer-xor-1.0.3.tgz",
      "integrity": "sha1-JuYe0UIvtw3ULm42cp7VHYVf6Nk="
    },
    "builtin-status-codes": {
      "version": "3.0.0",
      "resolved": "https://registry.npmjs.org/builtin-status-codes/-/builtin-status-codes-3.0.0.tgz",
      "integrity": "sha1-hZgoeOIbmOHGZCXgPQF0eI9Wnug="
    },
    "cached-path-relative": {
      "version": "1.0.1",
      "resolved": "https://registry.npmjs.org/cached-path-relative/-/cached-path-relative-1.0.1.tgz",
      "integrity": "sha1-0JxLUoAKpMB44t2BqGmqyQ0uVOc="
    },
    "cipher-base": {
      "version": "1.0.4",
      "resolved": "https://registry.npmjs.org/cipher-base/-/cipher-base-1.0.4.tgz",
      "integrity": "sha512-Kkht5ye6ZGmwv40uUDZztayT2ThLQGfnj/T71N/XzeZeo3nf8foyW7zGTsPYkEya3m5f3cAypH+qe7YOrM1U2Q=="
    },
    "combine-source-map": {
      "version": "0.7.2",
      "resolved": "https://registry.npmjs.org/combine-source-map/-/combine-source-map-0.7.2.tgz",
      "integrity": "sha1-CHAxKFazB6h8xKxIbzqaYq7MwJ4="
    },
    "concat-map": {
      "version": "0.0.1",
      "resolved": "https://registry.npmjs.org/concat-map/-/concat-map-0.0.1.tgz",
      "integrity": "sha1-2Klr13/Wjfd5OnMDajug1UBdR3s="
    },
    "concat-stream": {
      "version": "1.5.2",
      "resolved": "https://registry.npmjs.org/concat-stream/-/concat-stream-1.5.2.tgz",
      "integrity": "sha1-cIl4Yk2FavQaWnQd790mHadSwmY=",
      "dependencies": {
        "readable-stream": {
          "version": "2.0.6",
          "resolved": "https://registry.npmjs.org/readable-stream/-/readable-stream-2.0.6.tgz",
          "integrity": "sha1-j5A0HmilPMySh4jaz80Rs265t44="
        },
        "string_decoder": {
          "version": "0.10.31",
          "resolved": "https://registry.npmjs.org/string_decoder/-/string_decoder-0.10.31.tgz",
          "integrity": "sha1-YuIDvEF2bGwoyfyEMB2rHFMQ+pQ="
        }
      }
    },
    "console-browserify": {
      "version": "1.1.0",
      "resolved": "https://registry.npmjs.org/console-browserify/-/console-browserify-1.1.0.tgz",
      "integrity": "sha1-8CQcRXMKn8YyOyBtvzjtx0HQuxA="
    },
    "constants-browserify": {
      "version": "1.0.0",
      "resolved": "https://registry.npmjs.org/constants-browserify/-/constants-browserify-1.0.0.tgz",
      "integrity": "sha1-wguW2MYXdIqvHBYCF2DNJ/y4y3U="
    },
    "convert-source-map": {
      "version": "1.1.3",
      "resolved": "https://registry.npmjs.org/convert-source-map/-/convert-source-map-1.1.3.tgz",
      "integrity": "sha1-SCnId+n+SbMWHzvzZziI4gRpmGA="
    },
    "core-util-is": {
      "version": "1.0.2",
      "resolved": "https://registry.npmjs.org/core-util-is/-/core-util-is-1.0.2.tgz",
      "integrity": "sha1-tf1UIgqivFq1eqtxQMlAdUUDwac="
    },
    "create-ecdh": {
      "version": "4.0.0",
      "resolved": "https://registry.npmjs.org/create-ecdh/-/create-ecdh-4.0.0.tgz",
      "integrity": "sha1-iIxyNZbN92EvZJgjPuvXo1MBc30="
    },
    "create-hash": {
      "version": "1.1.3",
      "resolved": "https://registry.npmjs.org/create-hash/-/create-hash-1.1.3.tgz",
      "integrity": "sha1-YGBCrIuSYnUPSDyt2rD1gZFy2P0="
    },
    "create-hmac": {
      "version": "1.1.6",
      "resolved": "https://registry.npmjs.org/create-hmac/-/create-hmac-1.1.6.tgz",
      "integrity": "sha1-rLniIaThe9sHbpBlfEK5PjcmzwY="
    },
    "crypto-browserify": {
      "version": "3.11.1",
      "resolved": "https://registry.npmjs.org/crypto-browserify/-/crypto-browserify-3.11.1.tgz",
      "integrity": "sha512-Na7ZlwCOqoaW5RwUK1WpXws2kv8mNhWdTlzob0UXulk6G9BDbyiJaGTYBIX61Ozn9l1EPPJpICZb4DaOpT9NlQ=="
    },
    "date-now": {
      "version": "0.1.4",
      "resolved": "https://registry.npmjs.org/date-now/-/date-now-0.1.4.tgz",
      "integrity": "sha1-6vQ5/U1ISK105cx9vvIAZyueNFs="
    },
    "defined": {
      "version": "1.0.0",
      "resolved": "https://registry.npmjs.org/defined/-/defined-1.0.0.tgz",
      "integrity": "sha1-yY2bzvdWdBiOEQlpFRGZ45sfppM="
    },
    "deps-sort": {
      "version": "2.0.0",
      "resolved": "https://registry.npmjs.org/deps-sort/-/deps-sort-2.0.0.tgz",
      "integrity": "sha1-CRckkC6EZYJg65EHSMzNGvbiH7U="
    },
    "des.js": {
      "version": "1.0.0",
      "resolved": "https://registry.npmjs.org/des.js/-/des.js-1.0.0.tgz",
      "integrity": "sha1-wHTS4qpqipoH29YfmhXCzYPsjsw="
    },
    "detective": {
      "version": "4.5.0",
      "resolved": "https://registry.npmjs.org/detective/-/detective-4.5.0.tgz",
      "integrity": "sha1-blqMaybmx6JUsca210kNmOyR7dE="
    },
    "diffie-hellman": {
      "version": "5.0.2",
      "resolved": "https://registry.npmjs.org/diffie-hellman/-/diffie-hellman-5.0.2.tgz",
      "integrity": "sha1-tYNXOScM/ias9jIJn97SoH8gnl4="
    },
    "domain-browser": {
      "version": "1.1.7",
      "resolved": "https://registry.npmjs.org/domain-browser/-/domain-browser-1.1.7.tgz",
      "integrity": "sha1-hnqksJP6oF8d4IwG9NeyH9+GmLw="
    },
    "duplexer2": {
      "version": "0.1.4",
      "resolved": "https://registry.npmjs.org/duplexer2/-/duplexer2-0.1.4.tgz",
      "integrity": "sha1-ixLauHjA1p4+eJEFFmKjL8a93ME="
    },
    "ecurve": {
      "version": "1.0.5",
      "resolved": "https://registry.npmjs.org/ecurve/-/ecurve-1.0.5.tgz",
      "integrity": "sha1-0Ujo/lCmdPmDu1uuCdoOoj4QU14="
    },
    "elliptic": {
      "version": "6.4.0",
      "resolved": "https://registry.npmjs.org/elliptic/-/elliptic-6.4.0.tgz",
      "integrity": "sha1-ysmvh2LIWDYYcAPI3+GT5eLq5d8="
    },
    "events": {
      "version": "1.1.1",
      "resolved": "https://registry.npmjs.org/events/-/events-1.1.1.tgz",
      "integrity": "sha1-nr23Y1rQmccNzEwqH1AEKI6L2SQ="
    },
    "evp_bytestokey": {
      "version": "1.0.0",
      "resolved": "https://registry.npmjs.org/evp_bytestokey/-/evp_bytestokey-1.0.0.tgz",
      "integrity": "sha1-SXtmrZ/vZc18CKYYCCS6FHa2blM="
    },
    "fs.realpath": {
      "version": "1.0.0",
      "resolved": "https://registry.npmjs.org/fs.realpath/-/fs.realpath-1.0.0.tgz",
      "integrity": "sha1-FQStJSMVjKpA20onh8sBQRmU6k8="
    },
    "function-bind": {
      "version": "1.1.0",
      "resolved": "https://registry.npmjs.org/function-bind/-/function-bind-1.1.0.tgz",
      "integrity": "sha1-FhdnFMgBeY5Ojyz391KUZ7tKV3E="
    },
    "glob": {
      "version": "7.1.2",
      "resolved": "https://registry.npmjs.org/glob/-/glob-7.1.2.tgz",
      "integrity": "sha512-MJTUg1kjuLeQCJ+ccE4Vpa6kKVXkPYJ2mOCQyUuKLcLQsdrMCpBPUi8qVE6+YuaJkozeA9NusTAw3hLr8Xe5EQ=="
    },
    "has": {
      "version": "1.0.1",
      "resolved": "https://registry.npmjs.org/has/-/has-1.0.1.tgz",
      "integrity": "sha1-hGFzP1OLCDfJNh45qauelwTcLyg="
    },
    "hash-base": {
      "version": "2.0.2",
      "resolved": "https://registry.npmjs.org/hash-base/-/hash-base-2.0.2.tgz",
      "integrity": "sha1-ZuodhW206KVHDK32/OI65SRO8uE="
    },
    "hash.js": {
      "version": "1.1.3",
      "resolved": "https://registry.npmjs.org/hash.js/-/hash.js-1.1.3.tgz",
      "integrity": "sha512-/UETyP0W22QILqS+6HowevwhEFJ3MBJnwTf75Qob9Wz9t0DPuisL8kW8YZMK62dHAKE1c1p+gY1TtOLY+USEHA=="
    },
    "hmac-drbg": {
      "version": "1.0.1",
      "resolved": "https://registry.npmjs.org/hmac-drbg/-/hmac-drbg-1.0.1.tgz",
      "integrity": "sha1-0nRXAQJabHdabFRXk+1QL8DGSaE="
    },
    "htmlescape": {
      "version": "1.1.1",
      "resolved": "https://registry.npmjs.org/htmlescape/-/htmlescape-1.1.1.tgz",
      "integrity": "sha1-OgPtwiFLyjtmQko+eVk0lQnLA1E="
    },
    "https-browserify": {
      "version": "1.0.0",
      "resolved": "https://registry.npmjs.org/https-browserify/-/https-browserify-1.0.0.tgz",
      "integrity": "sha1-7AbBDgo0wPL68Zn3/X/Hj//QPHM="
    },
    "ieee754": {
      "version": "1.1.8",
      "resolved": "https://registry.npmjs.org/ieee754/-/ieee754-1.1.8.tgz",
      "integrity": "sha1-vjPUCsEO8ZJnAfbwii2G+/0a0+Q="
    },
    "indexof": {
      "version": "0.0.1",
      "resolved": "https://registry.npmjs.org/indexof/-/indexof-0.0.1.tgz",
      "integrity": "sha1-gtwzbSMrkGIXnQWrMpOmYFn9Q10="
    },
    "inflight": {
      "version": "1.0.6",
      "resolved": "https://registry.npmjs.org/inflight/-/inflight-1.0.6.tgz",
      "integrity": "sha1-Sb1jMdfQLQwJvJEKEHW6gWW1bfk="
    },
    "inherits": {
      "version": "2.0.3",
      "resolved": "https://registry.npmjs.org/inherits/-/inherits-2.0.3.tgz",
      "integrity": "sha1-Yzwsg+PaQqUC9SRmAiSA9CCCYd4="
    },
    "inline-source-map": {
      "version": "0.6.2",
      "resolved": "https://registry.npmjs.org/inline-source-map/-/inline-source-map-0.6.2.tgz",
      "integrity": "sha1-+Tk0ccGKedFyT4Y/o4tYY3Ct4qU="
    },
    "insert-module-globals": {
      "version": "7.0.1",
      "resolved": "https://registry.npmjs.org/insert-module-globals/-/insert-module-globals-7.0.1.tgz",
      "integrity": "sha1-wDv04BywhtW15azorQr+eInWOMM="
    },
    "is-buffer": {
      "version": "1.1.5",
      "resolved": "https://registry.npmjs.org/is-buffer/-/is-buffer-1.1.5.tgz",
      "integrity": "sha1-Hzsm72E7IUuIy8ojzGwB2Hlh7sw="
    },
    "isarray": {
      "version": "1.0.0",
      "resolved": "https://registry.npmjs.org/isarray/-/isarray-1.0.0.tgz",
      "integrity": "sha1-u5NdSFgsuhaMBoNJV6VKPgcSTxE="
    },
    "json-stable-stringify": {
      "version": "0.0.1",
      "resolved": "https://registry.npmjs.org/json-stable-stringify/-/json-stable-stringify-0.0.1.tgz",
      "integrity": "sha1-YRwj6BTbN1Un34URk9tZ3Sryf0U="
    },
    "jsonify": {
      "version": "0.0.0",
      "resolved": "https://registry.npmjs.org/jsonify/-/jsonify-0.0.0.tgz",
      "integrity": "sha1-LHS27kHZPKUbe1qu6PUDYx0lKnM="
    },
    "jsonparse": {
      "version": "1.3.1",
      "resolved": "https://registry.npmjs.org/jsonparse/-/jsonparse-1.3.1.tgz",
      "integrity": "sha1-P02uSpH6wxX3EGL4UhzCOfE2YoA="
    },
    "JSONStream": {
      "version": "1.3.1",
      "resolved": "https://registry.npmjs.org/JSONStream/-/JSONStream-1.3.1.tgz",
      "integrity": "sha1-cH92HgHa6eFvG8+TcDt4xwlmV5o="
    },
    "labeled-stream-splicer": {
      "version": "2.0.0",
      "resolved": "https://registry.npmjs.org/labeled-stream-splicer/-/labeled-stream-splicer-2.0.0.tgz",
      "integrity": "sha1-pS4dE4AkwAuGscDJH2d5GLiuClk=",
      "dependencies": {
        "isarray": {
          "version": "0.0.1",
          "resolved": "https://registry.npmjs.org/isarray/-/isarray-0.0.1.tgz",
          "integrity": "sha1-ihis/Kmo9Bd+Cav8YDiTmwXR7t8="
        }
      }
    },
    "lexical-scope": {
      "version": "1.2.0",
      "resolved": "https://registry.npmjs.org/lexical-scope/-/lexical-scope-1.2.0.tgz",
      "integrity": "sha1-/Ope3HBKSzqHls3KQZw6CvryLfQ="
    },
    "lodash.memoize": {
      "version": "3.0.4",
      "resolved": "https://registry.npmjs.org/lodash.memoize/-/lodash.memoize-3.0.4.tgz",
      "integrity": "sha1-LcvSwofLwKVcxCMovQxzYVDVPj8="
    },
    "miller-rabin": {
      "version": "4.0.0",
      "resolved": "https://registry.npmjs.org/miller-rabin/-/miller-rabin-4.0.0.tgz",
      "integrity": "sha1-SmL7HUKTPAVYOYL0xxb2+55sbT0="
    },
    "minimalistic-assert": {
      "version": "1.0.0",
      "resolved": "https://registry.npmjs.org/minimalistic-assert/-/minimalistic-assert-1.0.0.tgz",
      "integrity": "sha1-cCvi3aazf0g2vLP121ZkG2Sh09M="
    },
    "minimalistic-crypto-utils": {
      "version": "1.0.1",
      "resolved": "https://registry.npmjs.org/minimalistic-crypto-utils/-/minimalistic-crypto-utils-1.0.1.tgz",
      "integrity": "sha1-9sAMHAsIIkblxNmd+4x8CDsrWCo="
    },
    "minimatch": {
      "version": "3.0.4",
      "resolved": "https://registry.npmjs.org/minimatch/-/minimatch-3.0.4.tgz",
      "integrity": "sha512-yJHVQEhyqPLUTgt9B83PXu6W3rx4MvvHvSUvToogpwoGDOUQ+yDrR0HRot+yOCdCO7u4hX3pWft6kWBBcqh0UA=="
    },
    "minimist": {
      "version": "1.2.0",
      "resolved": "https://registry.npmjs.org/minimist/-/minimist-1.2.0.tgz",
      "integrity": "sha1-o1AIsg9BOD7sH7kU9M1d95omQoQ="
    },
    "module-deps": {
      "version": "4.1.1",
      "resolved": "https://registry.npmjs.org/module-deps/-/module-deps-4.1.1.tgz",
      "integrity": "sha1-IyFYM/HaE/1gbMuAh7RIUty4If0="
    },
    "once": {
      "version": "1.4.0",
      "resolved": "https://registry.npmjs.org/once/-/once-1.4.0.tgz",
      "integrity": "sha1-WDsap3WWHUsROsF9nFC6753Xa9E="
    },
    "parents": {
      "version": "1.0.1",
      "resolved": "https://registry.npmjs.org/parents/-/parents-1.0.1.tgz",
      "integrity": "sha1-/t1NK/GTp3dF/nHjcdc8MwfZx1E="
    },
    "parse-asn1": {
      "version": "5.1.0",
      "resolved": "https://registry.npmjs.org/parse-asn1/-/parse-asn1-5.1.0.tgz",
      "integrity": "sha1-N8T5t+06tlx0gXtfJICTf7+XxxI="
    },
    "path-browserify": {
      "version": "0.0.0",
      "resolved": "https://registry.npmjs.org/path-browserify/-/path-browserify-0.0.0.tgz",
      "integrity": "sha1-oLhwcpquIUAFt9UDLsLLuw+0RRo="
    },
    "path-is-absolute": {
      "version": "1.0.1",
      "resolved": "https://registry.npmjs.org/path-is-absolute/-/path-is-absolute-1.0.1.tgz",
      "integrity": "sha1-F0uSaHNVNP+8es5r9TpanhtcX18="
    },
    "path-parse": {
      "version": "1.0.5",
      "resolved": "https://registry.npmjs.org/path-parse/-/path-parse-1.0.5.tgz",
      "integrity": "sha1-PBrfhx6pzWyUMbbqK9dKD/BVxME="
    },
    "path-platform": {
      "version": "0.11.15",
      "resolved": "https://registry.npmjs.org/path-platform/-/path-platform-0.11.15.tgz",
      "integrity": "sha1-6GQhf3TDaFDwhSt43Hv31KVyG/I="
    },
    "pbkdf2": {
      "version": "3.0.12",
      "resolved": "https://registry.npmjs.org/pbkdf2/-/pbkdf2-3.0.12.tgz",
      "integrity": "sha1-vjZ4XFBn6kjYBv+SMojF91C2uKI="
    },
    "process": {
      "version": "0.11.10",
      "resolved": "https://registry.npmjs.org/process/-/process-0.11.10.tgz",
      "integrity": "sha1-czIwDoQBYb2j5podHZGn1LwW8YI="
    },
    "process-nextick-args": {
      "version": "1.0.7",
      "resolved": "https://registry.npmjs.org/process-nextick-args/-/process-nextick-args-1.0.7.tgz",
      "integrity": "sha1-FQ4gt1ZZCtP5EJPyWk8q2L/zC6M="
    },
    "public-encrypt": {
      "version": "4.0.0",
      "resolved": "https://registry.npmjs.org/public-encrypt/-/public-encrypt-4.0.0.tgz",
      "integrity": "sha1-OfaZ86RlYN1eusvKaTyvfGXBjMY="
    },
    "punycode": {
      "version": "1.4.1",
      "resolved": "https://registry.npmjs.org/punycode/-/punycode-1.4.1.tgz",
      "integrity": "sha1-wNWmOycYgArY4esPpSachN1BhF4="
    },
    "querystring": {
      "version": "0.2.0",
      "resolved": "https://registry.npmjs.org/querystring/-/querystring-0.2.0.tgz",
      "integrity": "sha1-sgmEkgO7Jd+CDadW50cAWHhSFiA="
    },
    "querystring-es3": {
      "version": "0.2.1",
      "resolved": "https://registry.npmjs.org/querystring-es3/-/querystring-es3-0.2.1.tgz",
      "integrity": "sha1-nsYfeQSYdXB9aUFFlv2Qek1xHnM="
    },
    "randombytes": {
      "version": "2.0.5",
      "resolved": "https://registry.npmjs.org/randombytes/-/randombytes-2.0.5.tgz",
      "integrity": "sha512-8T7Zn1AhMsQ/HI1SjcCfT/t4ii3eAqco3yOcSzS4mozsOz69lHLsoMXmF9nZgnFanYscnSlUSgs8uZyKzpE6kg=="
    },
    "read-only-stream": {
      "version": "2.0.0",
      "resolved": "https://registry.npmjs.org/read-only-stream/-/read-only-stream-2.0.0.tgz",
      "integrity": "sha1-JyT9aoET1zdkrCiNQ4YnDB2/F/A="
    },
    "readable-stream": {
      "version": "2.3.3",
      "resolved": "https://registry.npmjs.org/readable-stream/-/readable-stream-2.3.3.tgz",
      "integrity": "sha512-m+qzzcn7KUxEmd1gMbchF+Y2eIUbieUaxkWtptyHywrX0rE8QEYqPC07Vuy4Wm32/xE16NcdBctb8S0Xe/5IeQ=="
    },
    "resolve": {
      "version": "1.3.3",
      "resolved": "https://registry.npmjs.org/resolve/-/resolve-1.3.3.tgz",
      "integrity": "sha1-ZVkHw0aahoDcLeOidaj91paR8OU="
    },
    "ripemd160": {
      "version": "2.0.1",
      "resolved": "https://registry.npmjs.org/ripemd160/-/ripemd160-2.0.1.tgz",
      "integrity": "sha1-D0WEKVxTo2KK9+bXmsohzlfRxuc="
    },
    "safe-buffer": {
      "version": "5.1.1",
      "resolved": "https://registry.npmjs.org/safe-buffer/-/safe-buffer-5.1.1.tgz",
      "integrity": "sha512-kKvNJn6Mm93gAczWVJg7wH+wGYWNrDHdWvpUmHyEsgCtIwwo3bqPtV4tR5tuPaUhTOo/kvhVwd8XwwOllGYkbg=="
    },
    "sha.js": {
      "version": "2.4.8",
      "resolved": "https://registry.npmjs.org/sha.js/-/sha.js-2.4.8.tgz",
      "integrity": "sha1-NwaMLEdra69ALRSknGf1l5IfY08="
    },
    "shasum": {
      "version": "1.0.2",
      "resolved": "https://registry.npmjs.org/shasum/-/shasum-1.0.2.tgz",
      "integrity": "sha1-5wEjENj0F/TetXEhUOVni4euVl8="
    },
    "shell-quote": {
      "version": "1.6.1",
      "resolved": "https://registry.npmjs.org/shell-quote/-/shell-quote-1.6.1.tgz",
      "integrity": "sha1-9HgZSczkAmlxJ0MOo7PFR29IF2c="
    },
    "source-map": {
      "version": "0.5.6",
      "resolved": "https://registry.npmjs.org/source-map/-/source-map-0.5.6.tgz",
      "integrity": "sha1-dc449SvwczxafwwRjYEzSiu19BI="
    },
    "stream-browserify": {
      "version": "2.0.1",
      "resolved": "https://registry.npmjs.org/stream-browserify/-/stream-browserify-2.0.1.tgz",
      "integrity": "sha1-ZiZu5fm9uZQKTkUUyvtDu3Hlyds="
    },
    "stream-combiner2": {
      "version": "1.1.1",
      "resolved": "https://registry.npmjs.org/stream-combiner2/-/stream-combiner2-1.1.1.tgz",
      "integrity": "sha1-+02KFCDqNidk4hrUeAOXvry0HL4="
    },
    "stream-http": {
      "version": "2.7.2",
      "resolved": "https://registry.npmjs.org/stream-http/-/stream-http-2.7.2.tgz",
      "integrity": "sha512-c0yTD2rbQzXtSsFSVhtpvY/vS6u066PcXOX9kBB3mSO76RiUQzL340uJkGBWnlBg4/HZzqiUXtaVA7wcRcJgEw=="
    },
    "stream-splicer": {
      "version": "2.0.0",
      "resolved": "https://registry.npmjs.org/stream-splicer/-/stream-splicer-2.0.0.tgz",
      "integrity": "sha1-G2O+Q4oTPktnHMGTUZdgAXWRDYM="
    },
    "string_decoder": {
      "version": "1.0.3",
      "resolved": "https://registry.npmjs.org/string_decoder/-/string_decoder-1.0.3.tgz",
      "integrity": "sha512-4AH6Z5fzNNBcH+6XDMfA/BTt87skxqJlO0lAh3Dker5zThcAxG6mKz+iGu308UKoPPQ8Dcqx/4JhujzltRa+hQ=="
    },
    "subarg": {
      "version": "1.0.0",
      "resolved": "https://registry.npmjs.org/subarg/-/subarg-1.0.0.tgz",
      "integrity": "sha1-9izxdYHplrSPyWVpn1TAauJouNI="
    },
    "syntax-error": {
      "version": "1.3.0",
      "resolved": "https://registry.npmjs.org/syntax-error/-/syntax-error-1.3.0.tgz",
      "integrity": "sha1-HtkmbE1AvnXcVb+bsct3Biu5bKE="
    },
    "through": {
      "version": "2.3.8",
      "resolved": "https://registry.npmjs.org/through/-/through-2.3.8.tgz",
      "integrity": "sha1-DdTJ/6q8NXlgsbckEV1+Doai4fU="
    },
    "through2": {
      "version": "2.0.3",
      "resolved": "https://registry.npmjs.org/through2/-/through2-2.0.3.tgz",
      "integrity": "sha1-AARWmzfHx0ujnEPzzteNGtlBQL4="
    },
    "timers-browserify": {
      "version": "1.4.2",
      "resolved": "https://registry.npmjs.org/timers-browserify/-/timers-browserify-1.4.2.tgz",
      "integrity": "sha1-ycWLV1voQHN1y14kYtrO50NZ9B0="
    },
    "to-arraybuffer": {
      "version": "1.0.1",
      "resolved": "https://registry.npmjs.org/to-arraybuffer/-/to-arraybuffer-1.0.1.tgz",
      "integrity": "sha1-fSKbH8xjfkZsoIEYCDanqr/4P0M="
    },
    "tty-browserify": {
      "version": "0.0.0",
      "resolved": "https://registry.npmjs.org/tty-browserify/-/tty-browserify-0.0.0.tgz",
      "integrity": "sha1-oVe6QC2iTpv5V/mqadUk7tQpAaY="
    },
    "typedarray": {
      "version": "0.0.6",
      "resolved": "https://registry.npmjs.org/typedarray/-/typedarray-0.0.6.tgz",
      "integrity": "sha1-hnrHTjhkGHsdPUfZlqeOxciDB3c="
    },
    "typeforce": {
      "version": "1.11.1",
      "resolved": "https://registry.npmjs.org/typeforce/-/typeforce-1.11.1.tgz",
      "integrity": "sha1-q2bzsJSFbQDtDIkTsHQtPav6/mI="
    },
    "umd": {
      "version": "3.0.1",
      "resolved": "https://registry.npmjs.org/umd/-/umd-3.0.1.tgz",
      "integrity": "sha1-iuVW4RAR9jwllnCKiDclnwGz1g4="
    },
    "url": {
      "version": "0.11.0",
      "resolved": "https://registry.npmjs.org/url/-/url-0.11.0.tgz",
      "integrity": "sha1-ODjpfPxgUh63PFJajlW/3Z4uKPE=",
      "dependencies": {
        "punycode": {
          "version": "1.3.2",
          "resolved": "https://registry.npmjs.org/punycode/-/punycode-1.3.2.tgz",
          "integrity": "sha1-llOgNvt8HuQjQvIyXM7v6jkmxI0="
        }
      }
    },
    "util": {
      "version": "0.10.3",
      "resolved": "https://registry.npmjs.org/util/-/util-0.10.3.tgz",
      "integrity": "sha1-evsa/lCAUkZInj23/g7TeTNqwPk=",
      "dependencies": {
        "inherits": {
          "version": "2.0.1",
          "resolved": "https://registry.npmjs.org/inherits/-/inherits-2.0.1.tgz",
          "integrity": "sha1-sX0I0ya0Qj5Wjv9xn5GwscvfafE="
        }
      }
    },
    "util-deprecate": {
      "version": "1.0.2",
      "resolved": "https://registry.npmjs.org/util-deprecate/-/util-deprecate-1.0.2.tgz",
      "integrity": "sha1-RQ1Nyfpw3nMnYvvS1KKJgUGaDM8="
    },
    "vm-browserify": {
      "version": "0.0.4",
      "resolved": "https://registry.npmjs.org/vm-browserify/-/vm-browserify-0.0.4.tgz",
      "integrity": "sha1-XX6kW7755Kb/ZflUOOCofDV9WnM="
    },
    "wif": {
      "version": "2.0.6",
      "resolved": "https://registry.npmjs.org/wif/-/wif-2.0.6.tgz",
      "integrity": "sha1-CNP1IFbGZnkplyb63g1DKudLRwQ="
    },
    "wrappy": {
      "version": "1.0.2",
      "resolved": "https://registry.npmjs.org/wrappy/-/wrappy-1.0.2.tgz",
      "integrity": "sha1-tSQ9jz7BqjXxNkYFvA0QNuMKtp8="
    },
    "xtend": {
      "version": "4.0.1",
      "resolved": "https://registry.npmjs.org/xtend/-/xtend-4.0.1.tgz",
      "integrity": "sha1-pcbVMr5lbiPbgg77lDofBJmNY68="
    }
  }
}
